// !$*UTF8*$!
{
	archiveVersion = 1;
	classes = {
	};
	objectVersion = 50;
	objects = {

/* Begin PBXBuildFile section */
		2C3AFBD12071C2A00004CEA6 /* AppDelegate.m in Sources */ = {isa = PBXBuildFile; fileRef = 2C3AFBD02071C2A00004CEA6 /* AppDelegate.m */; };
		2C3AFBD42071C2A00004CEA6 /* ViewController.m in Sources */ = {isa = PBXBuildFile; fileRef = 2C3AFBD32071C2A00004CEA6 /* ViewController.m */; };
		2C3AFBD72071C2A00004CEA6 /* Main.storyboard in Resources */ = {isa = PBXBuildFile; fileRef = 2C3AFBD52071C2A00004CEA6 /* Main.storyboard */; };
		2C3AFBD92071C2A20004CEA6 /* Assets.xcassets in Resources */ = {isa = PBXBuildFile; fileRef = 2C3AFBD82071C2A20004CEA6 /* Assets.xcassets */; };
		2C3AFBDC2071C2A20004CEA6 /* LaunchScreen.storyboard in Resources */ = {isa = PBXBuildFile; fileRef = 2C3AFBDA2071C2A20004CEA6 /* LaunchScreen.storyboard */; };
		2C3AFBDF2071C2A20004CEA6 /* main.m in Sources */ = {isa = PBXBuildFile; fileRef = 2C3AFBDE2071C2A20004CEA6 /* main.m */; };
		2C3AFBE82071C2D20004CEA6 /* cat.jpg in Resources */ = {isa = PBXBuildFile; fileRef = 2C3AFBE72071C2D20004CEA6 /* cat.jpg */; };
		2C3AFBEB2071C2EE0004CEA6 /* MosaiView.m in Sources */ = {isa = PBXBuildFile; fileRef = 2C3AFBEA2071C2EE0004CEA6 /* MosaiView.m */; };
		2C3AFBF02071CBC60004CEA6 /* MosaiPath.m in Sources */ = {isa = PBXBuildFile; fileRef = 2C3AFBEF2071CBC60004CEA6 /* MosaiPath.m */; };
		2C3AFBF22071DD3E0004CEA6 /* mosai1.jpg in Resources */ = {isa = PBXBuildFile; fileRef = 2C3AFBF12071DD3E0004CEA6 /* mosai1.jpg */; };
		2C3AFBF42071DD6C0004CEA6 /* mosai2.jpg in Resources */ = {isa = PBXBuildFile; fileRef = 2C3AFBF32071DD6B0004CEA6 /* mosai2.jpg */; };
		2C3AFBF62071DD750004CEA6 /* mosai3.jpg in Resources */ = {isa = PBXBuildFile; fileRef = 2C3AFBF52071DD750004CEA6 /* mosai3.jpg */; };
		2C3AFBF9207216140004CEA6 /* MosaiManager.m in Sources */ = {isa = PBXBuildFile; fileRef = 2C3AFBF8207216140004CEA6 /* MosaiManager.m */; };
		2C3AFBFD2072203B0004CEA6 /* beautySeniorUndo@2x.png in Resources */ = {isa = PBXBuildFile; fileRef = 2C3AFBFB2072203B0004CEA6 /* beautySeniorUndo@2x.png */; };
		2C3AFBFE2072203B0004CEA6 /* beautySeniorUndo@3x.png in Resources */ = {isa = PBXBuildFile; fileRef = 2C3AFBFC2072203B0004CEA6 /* beautySeniorUndo@3x.png */; };
		2C3AFC01207220490004CEA6 /* beautySeniorRedo@2x.png in Resources */ = {isa = PBXBuildFile; fileRef = 2C3AFBFF207220490004CEA6 /* beautySeniorRedo@2x.png */; };
		2C3AFC02207220490004CEA6 /* beautySeniorRedo@3x.png in Resources */ = {isa = PBXBuildFile; fileRef = 2C3AFC00207220490004CEA6 /* beautySeniorRedo@3x.png */; };
/* End PBXBuildFile section */

/* Begin PBXFileReference section */
		2C3AFBCC2071C2A00004CEA6 /* MosaiDemo.app */ = {isa = PBXFileReference; explicitFileType = wrapper.application; includeInIndex = 0; path = MosaiDemo.app; sourceTree = BUILT_PRODUCTS_DIR; };
		2C3AFBCF2071C2A00004CEA6 /* AppDelegate.h */ = {isa = PBXFileReference; lastKnownFileType = sourcecode.c.h; path = AppDelegate.h; sourceTree = "<group>"; };
		2C3AFBD02071C2A00004CEA6 /* AppDelegate.m */ = {isa = PBXFileReference; lastKnownFileType = sourcecode.c.objc; path = AppDelegate.m; sourceTree = "<group>"; };
		2C3AFBD22071C2A00004CEA6 /* ViewController.h */ = {isa = PBXFileReference; lastKnownFileType = sourcecode.c.h; path = ViewController.h; sourceTree = "<group>"; };
		2C3AFBD32071C2A00004CEA6 /* ViewController.m */ = {isa = PBXFileReference; lastKnownFileType = sourcecode.c.objc; path = ViewController.m; sourceTree = "<group>"; };
		2C3AFBD62071C2A00004CEA6 /* Base */ = {isa = PBXFileReference; lastKnownFileType = file.storyboard; name = Base; path = Base.lproj/Main.storyboard; sourceTree = "<group>"; };
		2C3AFBD82071C2A20004CEA6 /* Assets.xcassets */ = {isa = PBXFileReference; lastKnownFileType = folder.assetcatalog; path = Assets.xcassets; sourceTree = "<group>"; };
		2C3AFBDB2071C2A20004CEA6 /* Base */ = {isa = PBXFileReference; lastKnownFileType = file.storyboard; name = Base; path = Base.lproj/LaunchScreen.storyboard; sourceTree = "<group>"; };
		2C3AFBDD2071C2A20004CEA6 /* Info.plist */ = {isa = PBXFileReference; lastKnownFileType = text.plist.xml; path = Info.plist; sourceTree = "<group>"; };
		2C3AFBDE2071C2A20004CEA6 /* main.m */ = {isa = PBXFileReference; lastKnownFileType = sourcecode.c.objc; path = main.m; sourceTree = "<group>"; };
		2C3AFBE72071C2D20004CEA6 /* cat.jpg */ = {isa = PBXFileReference; lastKnownFileType = image.jpeg; path = cat.jpg; sourceTree = "<group>"; };
		2C3AFBE92071C2EE0004CEA6 /* MosaiView.h */ = {isa = PBXFileReference; lastKnownFileType = sourcecode.c.h; path = MosaiView.h; sourceTree = "<group>"; };
		2C3AFBEA2071C2EE0004CEA6 /* MosaiView.m */ = {isa = PBXFileReference; lastKnownFileType = sourcecode.c.objc; path = MosaiView.m; sourceTree = "<group>"; };
		2C3AFBEE2071CBC60004CEA6 /* MosaiPath.h */ = {isa = PBXFileReference; lastKnownFileType = sourcecode.c.h; path = MosaiPath.h; sourceTree = "<group>"; };
		2C3AFBEF2071CBC60004CEA6 /* MosaiPath.m */ = {isa = PBXFileReference; lastKnownFileType = sourcecode.c.objc; path = MosaiPath.m; sourceTree = "<group>"; };
		2C3AFBF12071DD3E0004CEA6 /* mosai1.jpg */ = {isa = PBXFileReference; lastKnownFileType = image.jpeg; path = mosai1.jpg; sourceTree = "<group>"; };
		2C3AFBF32071DD6B0004CEA6 /* mosai2.jpg */ = {isa = PBXFileReference; lastKnownFileType = image.jpeg; path = mosai2.jpg; sourceTree = "<group>"; };
		2C3AFBF52071DD750004CEA6 /* mosai3.jpg */ = {isa = PBXFileReference; lastKnownFileType = image.jpeg; path = mosai3.jpg; sourceTree = "<group>"; };
		2C3AFBF7207216140004CEA6 /* MosaiManager.h */ = {isa = PBXFileReference; lastKnownFileType = sourcecode.c.h; path = MosaiManager.h; sourceTree = "<group>"; };
		2C3AFBF8207216140004CEA6 /* MosaiManager.m */ = {isa = PBXFileReference; lastKnownFileType = sourcecode.c.objc; path = MosaiManager.m; sourceTree = "<group>"; };
		2C3AFBFB2072203B0004CEA6 /* beautySeniorUndo@2x.png */ = {isa = PBXFileReference; lastKnownFileType = image.png; path = "beautySeniorUndo@2x.png"; sourceTree = "<group>"; };
		2C3AFBFC2072203B0004CEA6 /* beautySeniorUndo@3x.png */ = {isa = PBXFileReference; lastKnownFileType = image.png; path = "beautySeniorUndo@3x.png"; sourceTree = "<group>"; };
		2C3AFBFF207220490004CEA6 /* beautySeniorRedo@2x.png */ = {isa = PBXFileReference; lastKnownFileType = image.png; path = "beautySeniorRedo@2x.png"; sourceTree = "<group>"; };
		2C3AFC00207220490004CEA6 /* beautySeniorRedo@3x.png */ = {isa = PBXFileReference; lastKnownFileType = image.png; path = "beautySeniorRedo@3x.png"; sourceTree = "<group>"; };
/* End PBXFileReference section */

/* Begin PBXFrameworksBuildPhase section */
		2C3AFBC92071C2A00004CEA6 /* Frameworks */ = {
			isa = PBXFrameworksBuildPhase;
			buildActionMask = 2147483647;
			files = (
			);
			runOnlyForDeploymentPostprocessing = 0;
		};
/* End PBXFrameworksBuildPhase section */

/* Begin PBXGroup section */
		2C3AFBC32071C2A00004CEA6 = {
			isa = PBXGroup;
			children = (
				2C3AFBCE2071C2A00004CEA6 /* MosaiDemo */,
				2C3AFBCD2071C2A00004CEA6 /* Products */,
			);
			sourceTree = "<group>";
		};
		2C3AFBCD2071C2A00004CEA6 /* Products */ = {
			isa = PBXGroup;
			children = (
				2C3AFBCC2071C2A00004CEA6 /* MosaiDemo.app */,
			);
			name = Products;
			sourceTree = "<group>";
		};
		2C3AFBCE2071C2A00004CEA6 /* MosaiDemo */ = {
			isa = PBXGroup;
			children = (
				2C3AFBE62071C2B80004CEA6 /* Source */,
				2C3AFBE52071C2B10004CEA6 /* MosaiView */,
				2C3AFBCF2071C2A00004CEA6 /* AppDelegate.h */,
				2C3AFBD02071C2A00004CEA6 /* AppDelegate.m */,
				2C3AFBD22071C2A00004CEA6 /* ViewController.h */,
				2C3AFBD32071C2A00004CEA6 /* ViewController.m */,
				2C3AFBD52071C2A00004CEA6 /* Main.storyboard */,
				2C3AFBD82071C2A20004CEA6 /* Assets.xcassets */,
				2C3AFBDA2071C2A20004CEA6 /* LaunchScreen.storyboard */,
				2C3AFBDD2071C2A20004CEA6 /* Info.plist */,
				2C3AFBDE2071C2A20004CEA6 /* main.m */,
			);
			path = MosaiDemo;
			sourceTree = "<group>";
		};
		2C3AFBE52071C2B10004CEA6 /* MosaiView */ = {
			isa = PBXGroup;
			children = (
				2C3AFBE92071C2EE0004CEA6 /* MosaiView.h */,
				2C3AFBEA2071C2EE0004CEA6 /* MosaiView.m */,
				2C3AFBEE2071CBC60004CEA6 /* MosaiPath.h */,
				2C3AFBEF2071CBC60004CEA6 /* MosaiPath.m */,
				2C3AFBF7207216140004CEA6 /* MosaiManager.h */,
				2C3AFBF8207216140004CEA6 /* MosaiManager.m */,
			);
			path = MosaiView;
			sourceTree = "<group>";
		};
		2C3AFBE62071C2B80004CEA6 /* Source */ = {
			isa = PBXGroup;
			children = (
				2C3AFBFA207220250004CEA6 /* ButtonSource */,
				2C3AFBEC2071C3920004CEA6 /* MosaiSource */,
				2C3AFBE72071C2D20004CEA6 /* cat.jpg */,
			);
			path = Source;
			sourceTree = "<group>";
		};
		2C3AFBEC2071C3920004CEA6 /* MosaiSource */ = {
			isa = PBXGroup;
			children = (
				2C3AFBF12071DD3E0004CEA6 /* mosai1.jpg */,
				2C3AFBF32071DD6B0004CEA6 /* mosai2.jpg */,
				2C3AFBF52071DD750004CEA6 /* mosai3.jpg */,
			);
			path = MosaiSource;
			sourceTree = "<group>";
		};
		2C3AFBFA207220250004CEA6 /* ButtonSource */ = {
			isa = PBXGroup;
			children = (
				2C3AFBFF207220490004CEA6 /* beautySeniorRedo@2x.png */,
				2C3AFC00207220490004CEA6 /* beautySeniorRedo@3x.png */,
				2C3AFBFB2072203B0004CEA6 /* beautySeniorUndo@2x.png */,
				2C3AFBFC2072203B0004CEA6 /* beautySeniorUndo@3x.png */,
			);
			path = ButtonSource;
			sourceTree = "<group>";
		};
/* End PBXGroup section */

/* Begin PBXNativeTarget section */
		2C3AFBCB2071C2A00004CEA6 /* MosaiDemo */ = {
			isa = PBXNativeTarget;
			buildConfigurationList = 2C3AFBE22071C2A20004CEA6 /* Build configuration list for PBXNativeTarget "MosaiDemo" */;
			buildPhases = (
				2C3AFBC82071C2A00004CEA6 /* Sources */,
				2C3AFBC92071C2A00004CEA6 /* Frameworks */,
				2C3AFBCA2071C2A00004CEA6 /* Resources */,
			);
			buildRules = (
			);
			dependencies = (
			);
			name = MosaiDemo;
			productName = MosaiDemo;
			productReference = 2C3AFBCC2071C2A00004CEA6 /* MosaiDemo.app */;
			productType = "com.apple.product-type.application";
		};
/* End PBXNativeTarget section */

/* Begin PBXProject section */
		2C3AFBC42071C2A00004CEA6 /* Project object */ = {
			isa = PBXProject;
			attributes = {
				LastUpgradeCheck = 0930;
				ORGANIZATIONNAME = Sylar;
				TargetAttributes = {
					2C3AFBCB2071C2A00004CEA6 = {
						CreatedOnToolsVersion = 9.3;
					};
				};
			};
			buildConfigurationList = 2C3AFBC72071C2A00004CEA6 /* Build configuration list for PBXProject "MosaiDemo" */;
			compatibilityVersion = "Xcode 9.3";
			developmentRegion = en;
			hasScannedForEncodings = 0;
			knownRegions = (
				en,
				Base,
			);
			mainGroup = 2C3AFBC32071C2A00004CEA6;
			productRefGroup = 2C3AFBCD2071C2A00004CEA6 /* Products */;
			projectDirPath = "";
			projectRoot = "";
			targets = (
				2C3AFBCB2071C2A00004CEA6 /* MosaiDemo */,
			);
		};
/* End PBXProject section */

/* Begin PBXResourcesBuildPhase section */
		2C3AFBCA2071C2A00004CEA6 /* Resources */ = {
			isa = PBXResourcesBuildPhase;
			buildActionMask = 2147483647;
			files = (
				2C3AFBDC2071C2A20004CEA6 /* LaunchScreen.storyboard in Resources */,
				2C3AFBF62071DD750004CEA6 /* mosai3.jpg in Resources */,
				2C3AFC01207220490004CEA6 /* beautySeniorRedo@2x.png in Resources */,
				2C3AFBD92071C2A20004CEA6 /* Assets.xcassets in Resources */,
				2C3AFBFE2072203B0004CEA6 /* beautySeniorUndo@3x.png in Resources */,
				2C3AFBE82071C2D20004CEA6 /* cat.jpg in Resources */,
				2C3AFBFD2072203B0004CEA6 /* beautySeniorUndo@2x.png in Resources */,
				2C3AFBF22071DD3E0004CEA6 /* mosai1.jpg in Resources */,
				2C3AFBD72071C2A00004CEA6 /* Main.storyboard in Resources */,
				2C3AFC02207220490004CEA6 /* beautySeniorRedo@3x.png in Resources */,
				2C3AFBF42071DD6C0004CEA6 /* mosai2.jpg in Resources */,
			);
			runOnlyForDeploymentPostprocessing = 0;
		};
/* End PBXResourcesBuildPhase section */

/* Begin PBXSourcesBuildPhase section */
		2C3AFBC82071C2A00004CEA6 /* Sources */ = {
			isa = PBXSourcesBuildPhase;
			buildActionMask = 2147483647;
			files = (
				2C3AFBD42071C2A00004CEA6 /* ViewController.m in Sources */,
				2C3AFBDF2071C2A20004CEA6 /* main.m in Sources */,
				2C3AFBEB2071C2EE0004CEA6 /* MosaiView.m in Sources */,
				2C3AFBF9207216140004CEA6 /* MosaiManager.m in Sources */,
				2C3AFBD12071C2A00004CEA6 /* AppDelegate.m in Sources */,
				2C3AFBF02071CBC60004CEA6 /* MosaiPath.m in Sources */,
			);
			runOnlyForDeploymentPostprocessing = 0;
		};
/* End PBXSourcesBuildPhase section */

/* Begin PBXVariantGroup section */
		2C3AFBD52071C2A00004CEA6 /* Main.storyboard */ = {
			isa = PBXVariantGroup;
			children = (
				2C3AFBD62071C2A00004CEA6 /* Base */,
			);
			name = Main.storyboard;
			sourceTree = "<group>";
		};
		2C3AFBDA2071C2A20004CEA6 /* LaunchScreen.storyboard */ = {
			isa = PBXVariantGroup;
			children = (
				2C3AFBDB2071C2A20004CEA6 /* Base */,
			);
			name = LaunchScreen.storyboard;
			sourceTree = "<group>";
		};
/* End PBXVariantGroup section */

/* Begin XCBuildConfiguration section */
		2C3AFBE02071C2A20004CEA6 /* Debug */ = {
			isa = XCBuildConfiguration;
			buildSettings = {
				ALWAYS_SEARCH_USER_PATHS = NO;
				CLANG_ANALYZER_NONNULL = YES;
				CLANG_ANALYZER_NUMBER_OBJECT_CONVERSION = YES_AGGRESSIVE;
				CLANG_CXX_LANGUAGE_STANDARD = "gnu++14";
				CLANG_CXX_LIBRARY = "libc++";
				CLANG_ENABLE_MODULES = YES;
				CLANG_ENABLE_OBJC_ARC = YES;
				CLANG_ENABLE_OBJC_WEAK = YES;
				CLANG_WARN_BLOCK_CAPTURE_AUTORELEASING = YES;
				CLANG_WARN_BOOL_CONVERSION = YES;
				CLANG_WARN_COMMA = YES;
				CLANG_WARN_CONSTANT_CONVERSION = YES;
				CLANG_WARN_DEPRECATED_OBJC_IMPLEMENTATIONS = YES;
				CLANG_WARN_DIRECT_OBJC_ISA_USAGE = YES_ERROR;
				CLANG_WARN_DOCUMENTATION_COMMENTS = YES;
				CLANG_WARN_EMPTY_BODY = YES;
				CLANG_WARN_ENUM_CONVERSION = YES;
				CLANG_WARN_INFINITE_RECURSION = YES;
				CLANG_WARN_INT_CONVERSION = YES;
				CLANG_WARN_NON_LITERAL_NULL_CONVERSION = YES;
				CLANG_WARN_OBJC_IMPLICIT_RETAIN_SELF = YES;
				CLANG_WARN_OBJC_LITERAL_CONVERSION = YES;
				CLANG_WARN_OBJC_ROOT_CLASS = YES_ERROR;
				CLANG_WARN_RANGE_LOOP_ANALYSIS = YES;
				CLANG_WARN_STRICT_PROTOTYPES = YES;
				CLANG_WARN_SUSPICIOUS_MOVE = YES;
				CLANG_WARN_UNGUARDED_AVAILABILITY = YES_AGGRESSIVE;
				CLANG_WARN_UNREACHABLE_CODE = YES;
				CLANG_WARN__DUPLICATE_METHOD_MATCH = YES;
				CODE_SIGN_IDENTITY = "iPhone Developer";
				COPY_PHASE_STRIP = NO;
				DEBUG_INFORMATION_FORMAT = dwarf;
				ENABLE_STRICT_OBJC_MSGSEND = YES;
				ENABLE_TESTABILITY = YES;
				GCC_C_LANGUAGE_STANDARD = gnu11;
				GCC_DYNAMIC_NO_PIC = NO;
				GCC_NO_COMMON_BLOCKS = YES;
				GCC_OPTIMIZATION_LEVEL = 0;
				GCC_PREPROCESSOR_DEFINITIONS = (
					"DEBUG=1",
					"$(inherited)",
				);
				GCC_WARN_64_TO_32_BIT_CONVERSION = YES;
				GCC_WARN_ABOUT_RETURN_TYPE = YES_ERROR;
				GCC_WARN_UNDECLARED_SELECTOR = YES;
				GCC_WARN_UNINITIALIZED_AUTOS = YES_AGGRESSIVE;
				GCC_WARN_UNUSED_FUNCTION = YES;
				GCC_WARN_UNUSED_VARIABLE = YES;
				IPHONEOS_DEPLOYMENT_TARGET = 11.3;
				MTL_ENABLE_DEBUG_INFO = YES;
				ONLY_ACTIVE_ARCH = YES;
				SDKROOT = iphoneos;
			};
			name = Debug;
		};
		2C3AFBE12071C2A20004CEA6 /* Release */ = {
			isa = XCBuildConfiguration;
			buildSettings = {
				ALWAYS_SEARCH_USER_PATHS = NO;
				CLANG_ANALYZER_NONNULL = YES;
				CLANG_ANALYZER_NUMBER_OBJECT_CONVERSION = YES_AGGRESSIVE;
				CLANG_CXX_LANGUAGE_STANDARD = "gnu++14";
				CLANG_CXX_LIBRARY = "libc++";
				CLANG_ENABLE_MODULES = YES;
				CLANG_ENABLE_OBJC_ARC = YES;
				CLANG_ENABLE_OBJC_WEAK = YES;
				CLANG_WARN_BLOCK_CAPTURE_AUTORELEASING = YES;
				CLANG_WARN_BOOL_CONVERSION = YES;
				CLANG_WARN_COMMA = YES;
				CLANG_WARN_CONSTANT_CONVERSION = YES;
				CLANG_WARN_DEPRECATED_OBJC_IMPLEMENTATIONS = YES;
				CLANG_WARN_DIRECT_OBJC_ISA_USAGE = YES_ERROR;
				CLANG_WARN_DOCUMENTATION_COMMENTS = YES;
				CLANG_WARN_EMPTY_BODY = YES;
				CLANG_WARN_ENUM_CONVERSION = YES;
				CLANG_WARN_INFINITE_RECURSION = YES;
				CLANG_WARN_INT_CONVERSION = YES;
				CLANG_WARN_NON_LITERAL_NULL_CONVERSION = YES;
				CLANG_WARN_OBJC_IMPLICIT_RETAIN_SELF = YES;
				CLANG_WARN_OBJC_LITERAL_CONVERSION = YES;
				CLANG_WARN_OBJC_ROOT_CLASS = YES_ERROR;
				CLANG_WARN_RANGE_LOOP_ANALYSIS = YES;
				CLANG_WARN_STRICT_PROTOTYPES = YES;
				CLANG_WARN_SUSPICIOUS_MOVE = YES;
				CLANG_WARN_UNGUARDED_AVAILABILITY = YES_AGGRESSIVE;
				CLANG_WARN_UNREACHABLE_CODE = YES;
				CLANG_WARN__DUPLICATE_METHOD_MATCH = YES;
				CODE_SIGN_IDENTITY = "iPhone Developer";
				COPY_PHASE_STRIP = NO;
				DEBUG_INFORMATION_FORMAT = "dwarf-with-dsym";
				ENABLE_NS_ASSERTIONS = NO;
				ENABLE_STRICT_OBJC_MSGSEND = YES;
				GCC_C_LANGUAGE_STANDARD = gnu11;
				GCC_NO_COMMON_BLOCKS = YES;
				GCC_WARN_64_TO_32_BIT_CONVERSION = YES;
				GCC_WARN_ABOUT_RETURN_TYPE = YES_ERROR;
				GCC_WARN_UNDECLARED_SELECTOR = YES;
				GCC_WARN_UNINITIALIZED_AUTOS = YES_AGGRESSIVE;
				GCC_WARN_UNUSED_FUNCTION = YES;
				GCC_WARN_UNUSED_VARIABLE = YES;
				IPHONEOS_DEPLOYMENT_TARGET = 11.3;
				MTL_ENABLE_DEBUG_INFO = NO;
				SDKROOT = iphoneos;
				VALIDATE_PRODUCT = YES;
			};
			name = Release;
		};
		2C3AFBE32071C2A20004CEA6 /* Debug */ = {
			isa = XCBuildConfiguration;
			buildSettings = {
				ASSETCATALOG_COMPILER_APPICON_NAME = AppIcon;
				CODE_SIGN_STYLE = Automatic;
				DEVELOPMENT_TEAM = G583SJY324;
				INFOPLIST_FILE = MosaiDemo/Info.plist;
				LD_RUNPATH_SEARCH_PATHS = (
					"$(inherited)",
					"@executable_path/Frameworks",
				);
				PRODUCT_BUNDLE_IDENTIFIER = com.Sylar.MosaiDemo;
				PRODUCT_NAME = "$(TARGET_NAME)";
				TARGETED_DEVICE_FAMILY = "1,2";
			};
			name = Debug;
		};
		2C3AFBE42071C2A20004CEA6 /* Release */ = {
			isa = XCBuildConfiguration;
			buildSettings = {
				ASSETCATALOG_COMPILER_APPICON_NAME = AppIcon;
				CODE_SIGN_STYLE = Automatic;
				DEVELOPMENT_TEAM = G583SJY324;
				INFOPLIST_FILE = MosaiDemo/Info.plist;
				LD_RUNPATH_SEARCH_PATHS = (
					"$(inherited)",
					"@executable_path/Frameworks",
				);
				PRODUCT_BUNDLE_IDENTIFIER = com.Sylar.MosaiDemo;
				PRODUCT_NAME = "$(TARGET_NAME)";
				TARGETED_DEVICE_FAMILY = "1,2";
			};
			name = Release;
		};
/* End XCBuildConfiguration section */

/* Begin XCConfigurationList section */
		2C3AFBC72071C2A00004CEA6 /* Build configuration list for PBXProject "MosaiDemo" */ = {
			isa = XCConfigurationList;
			buildConfigurations = (
				2C3AFBE02071C2A20004CEA6 /* Debug */,
				2C3AFBE12071C2A20004CEA6 /* Release */,
			);
			defaultConfigurationIsVisible = 0;
			defaultConfigurationName = Release;
		};
		2C3AFBE22071C2A20004CEA6 /* Build configuration list for PBXNativeTarget "MosaiDemo" */ = {
			isa = XCConfigurationList;
			buildConfigurations = (
				2C3AFBE32071C2A20004CEA6 /* Debug */,
				2C3AFBE42071C2A20004CEA6 /* Release */,
			);
			defaultConfigurationIsVisible = 0;
			defaultConfigurationName = Release;
		};
/* End XCConfigurationList section */
	};
	rootObject = 2C3AFBC42071C2A00004CEA6 /* Project object */;
}
